// !$*UTF8*$!
{
	archiveVersion = 1;
	classes = {
	};
	objectVersion = 56;
	objects = {

/* Begin PBXBuildFile section */
		145BC468290AFC460063B48A /* inflearnUnit1App.swift in Sources */ = {isa = PBXBuildFile; fileRef = 145BC467290AFC460063B48A /* inflearnUnit1App.swift */; };
		145BC46A290AFC460063B48A /* ContentView.swift in Sources */ = {isa = PBXBuildFile; fileRef = 145BC469290AFC460063B48A /* ContentView.swift */; };
		145BC46C290AFC470063B48A /* Assets.xcassets in Resources */ = {isa = PBXBuildFile; fileRef = 145BC46B290AFC470063B48A /* Assets.xcassets */; };
		145BC46F290AFC470063B48A /* Preview Assets.xcassets in Resources */ = {isa = PBXBuildFile; fileRef = 145BC46E290AFC470063B48A /* Preview Assets.xcassets */; };
		145BC479290AFC470063B48A /* inflearnUnit1Tests.swift in Sources */ = {isa = PBXBuildFile; fileRef = 145BC478290AFC470063B48A /* inflearnUnit1Tests.swift */; };
		145BC483290AFC470063B48A /* inflearnUnit1UITests.swift in Sources */ = {isa = PBXBuildFile; fileRef = 145BC482290AFC470063B48A /* inflearnUnit1UITests.swift */; };
		145BC485290AFC470063B48A /* inflearnUnit1UITestsLaunchTests.swift in Sources */ = {isa = PBXBuildFile; fileRef = 145BC484290AFC470063B48A /* inflearnUnit1UITestsLaunchTests.swift */; };
/* End PBXBuildFile section */

/* Begin PBXContainerItemProxy section */
		145BC475290AFC470063B48A /* PBXContainerItemProxy */ = {
			isa = PBXContainerItemProxy;
			containerPortal = 145BC45C290AFC460063B48A /* Project object */;
			proxyType = 1;
			remoteGlobalIDString = 145BC463290AFC460063B48A;
			remoteInfo = inflearnUnit1;
		};
		145BC47F290AFC470063B48A /* PBXContainerItemProxy */ = {
			isa = PBXContainerItemProxy;
			containerPortal = 145BC45C290AFC460063B48A /* Project object */;
			proxyType = 1;
			remoteGlobalIDString = 145BC463290AFC460063B48A;
			remoteInfo = inflearnUnit1;
		};
/* End PBXContainerItemProxy section */

/* Begin PBXFileReference section */
		145BC464290AFC460063B48A /* inflearnUnit1.app */ = {isa = PBXFileReference; explicitFileType = wrapper.application; includeInIndex = 0; path = inflearnUnit1.app; sourceTree = BUILT_PRODUCTS_DIR; };
		145BC467290AFC460063B48A /* inflearnUnit1App.swift */ = {isa = PBXFileReference; lastKnownFileType = sourcecode.swift; path = inflearnUnit1App.swift; sourceTree = "<group>"; };
		145BC469290AFC460063B48A /* ContentView.swift */ = {isa = PBXFileReference; lastKnownFileType = sourcecode.swift; path = ContentView.swift; sourceTree = "<group>"; };
		145BC46B290AFC470063B48A /* Assets.xcassets */ = {isa = PBXFileReference; lastKnownFileType = folder.assetcatalog; path = Assets.xcassets; sourceTree = "<group>"; };
		145BC46E290AFC470063B48A /* Preview Assets.xcassets */ = {isa = PBXFileReference; lastKnownFileType = folder.assetcatalog; path = "Preview Assets.xcassets"; sourceTree = "<group>"; };
		145BC474290AFC470063B48A /* inflearnUnit1Tests.xctest */ = {isa = PBXFileReference; explicitFileType = wrapper.cfbundle; includeInIndex = 0; path = inflearnUnit1Tests.xctest; sourceTree = BUILT_PRODUCTS_DIR; };
		145BC478290AFC470063B48A /* inflearnUnit1Tests.swift */ = {isa = PBXFileReference; lastKnownFileType = sourcecode.swift; path = inflearnUnit1Tests.swift; sourceTree = "<group>"; };
		145BC47E290AFC470063B48A /* inflearnUnit1UITests.xctest */ = {isa = PBXFileReference; explicitFileType = wrapper.cfbundle; includeInIndex = 0; path = inflearnUnit1UITests.xctest; sourceTree = BUILT_PRODUCTS_DIR; };
		145BC482290AFC470063B48A /* inflearnUnit1UITests.swift */ = {isa = PBXFileReference; lastKnownFileType = sourcecode.swift; path = inflearnUnit1UITests.swift; sourceTree = "<group>"; };
		145BC484290AFC470063B48A /* inflearnUnit1UITestsLaunchTests.swift */ = {isa = PBXFileReference; lastKnownFileType = sourcecode.swift; path = inflearnUnit1UITestsLaunchTests.swift; sourceTree = "<group>"; };
/* End PBXFileReference section */

/* Begin PBXFrameworksBuildPhase section */
		145BC461290AFC460063B48A /* Frameworks */ = {
			isa = PBXFrameworksBuildPhase;
			buildActionMask = 2147483647;
			files = (
			);
			runOnlyForDeploymentPostprocessing = 0;
		};
		145BC471290AFC470063B48A /* Frameworks */ = {
			isa = PBXFrameworksBuildPhase;
			buildActionMask = 2147483647;
			files = (
			);
			runOnlyForDeploymentPostprocessing = 0;
		};
		145BC47B290AFC470063B48A /* Frameworks */ = {
			isa = PBXFrameworksBuildPhase;
			buildActionMask = 2147483647;
			files = (
			);
			runOnlyForDeploymentPostprocessing = 0;
		};
/* End PBXFrameworksBuildPhase section */

/* Begin PBXGroup section */
		145BC45B290AFC460063B48A = {
			isa = PBXGroup;
			children = (
				145BC466290AFC460063B48A /* inflearnUnit1 */,
				145BC477290AFC470063B48A /* inflearnUnit1Tests */,
				145BC481290AFC470063B48A /* inflearnUnit1UITests */,
				145BC465290AFC460063B48A /* Products */,
			);
			sourceTree = "<group>";
		};
		145BC465290AFC460063B48A /* Products */ = {
			isa = PBXGroup;
			children = (
				145BC464290AFC460063B48A /* inflearnUnit1.app */,
				145BC474290AFC470063B48A /* inflearnUnit1Tests.xctest */,
				145BC47E290AFC470063B48A /* inflearnUnit1UITests.xctest */,
			);
			name = Products;
			sourceTree = "<group>";
		};
		145BC466290AFC460063B48A /* inflearnUnit1 */ = {
			isa = PBXGroup;
			children = (
				145BC467290AFC460063B48A /* inflearnUnit1App.swift */,
				145BC469290AFC460063B48A /* ContentView.swift */,
				145BC46B290AFC470063B48A /* Assets.xcassets */,
				145BC46D290AFC470063B48A /* Preview Content */,
			);
			path = inflearnUnit1;
			sourceTree = "<group>";
		};
		145BC46D290AFC470063B48A /* Preview Content */ = {
			isa = PBXGroup;
			children = (
				145BC46E290AFC470063B48A /* Preview Assets.xcassets */,
			);
			path = "Preview Content";
			sourceTree = "<group>";
		};
		145BC477290AFC470063B48A /* inflearnUnit1Tests */ = {
			isa = PBXGroup;
			children = (
				145BC478290AFC470063B48A /* inflearnUnit1Tests.swift */,
			);
			path = inflearnUnit1Tests;
			sourceTree = "<group>";
		};
		145BC481290AFC470063B48A /* inflearnUnit1UITests */ = {
			isa = PBXGroup;
			children = (
				145BC482290AFC470063B48A /* inflearnUnit1UITests.swift */,
				145BC484290AFC470063B48A /* inflearnUnit1UITestsLaunchTests.swift */,
			);
			path = inflearnUnit1UITests;
			sourceTree = "<group>";
		};
/* End PBXGroup section */

/* Begin PBXNativeTarget section */
		145BC463290AFC460063B48A /* inflearnUnit1 */ = {
			isa = PBXNativeTarget;
			buildConfigurationList = 145BC488290AFC470063B48A /* Build configuration list for PBXNativeTarget "inflearnUnit1" */;
			buildPhases = (
				145BC460290AFC460063B48A /* Sources */,
				145BC461290AFC460063B48A /* Frameworks */,
				145BC462290AFC460063B48A /* Resources */,
			);
			buildRules = (
			);
			dependencies = (
			);
			name = inflearnUnit1;
			productName = inflearnUnit1;
			productReference = 145BC464290AFC460063B48A /* inflearnUnit1.app */;
			productType = "com.apple.product-type.application";
		};
		145BC473290AFC470063B48A /* inflearnUnit1Tests */ = {
			isa = PBXNativeTarget;
			buildConfigurationList = 145BC48B290AFC470063B48A /* Build configuration list for PBXNativeTarget "inflearnUnit1Tests" */;
			buildPhases = (
				145BC470290AFC470063B48A /* Sources */,
				145BC471290AFC470063B48A /* Frameworks */,
				145BC472290AFC470063B48A /* Resources */,
			);
			buildRules = (
			);
			dependencies = (
				145BC476290AFC470063B48A /* PBXTargetDependency */,
			);
			name = inflearnUnit1Tests;
			productName = inflearnUnit1Tests;
			productReference = 145BC474290AFC470063B48A /* inflearnUnit1Tests.xctest */;
			productType = "com.apple.product-type.bundle.unit-test";
		};
		145BC47D290AFC470063B48A /* inflearnUnit1UITests */ = {
			isa = PBXNativeTarget;
			buildConfigurationList = 145BC48E290AFC470063B48A /* Build configuration list for PBXNativeTarget "inflearnUnit1UITests" */;
			buildPhases = (
				145BC47A290AFC470063B48A /* Sources */,
				145BC47B290AFC470063B48A /* Frameworks */,
				145BC47C290AFC470063B48A /* Resources */,
			);
			buildRules = (
			);
			dependencies = (
				145BC480290AFC470063B48A /* PBXTargetDependency */,
			);
			name = inflearnUnit1UITests;
			productName = inflearnUnit1UITests;
			productReference = 145BC47E290AFC470063B48A /* inflearnUnit1UITests.xctest */;
			productType = "com.apple.product-type.bundle.ui-testing";
		};
/* End PBXNativeTarget section */

/* Begin PBXProject section */
		145BC45C290AFC460063B48A /* Project object */ = {
			isa = PBXProject;
			attributes = {
				BuildIndependentTargetsInParallel = 1;
				LastSwiftUpdateCheck = 1400;
				LastUpgradeCheck = 1400;
				TargetAttributes = {
					145BC463290AFC460063B48A = {
						CreatedOnToolsVersion = 14.0.1;
					};
					145BC473290AFC470063B48A = {
						CreatedOnToolsVersion = 14.0.1;
						TestTargetID = 145BC463290AFC460063B48A;
					};
					145BC47D290AFC470063B48A = {
						CreatedOnToolsVersion = 14.0.1;
						TestTargetID = 145BC463290AFC460063B48A;
					};
				};
			};
			buildConfigurationList = 145BC45F290AFC460063B48A /* Build configuration list for PBXProject "inflearnUnit1" */;
			compatibilityVersion = "Xcode 14.0";
			developmentRegion = en;
			hasScannedForEncodings = 0;
			knownRegions = (
				en,
				Base,
			);
			mainGroup = 145BC45B290AFC460063B48A;
			productRefGroup = 145BC465290AFC460063B48A /* Products */;
			projectDirPath = "";
			projectRoot = "";
			targets = (
				145BC463290AFC460063B48A /* inflearnUnit1 */,
				145BC473290AFC470063B48A /* inflearnUnit1Tests */,
				145BC47D290AFC470063B48A /* inflearnUnit1UITests */,
			);
		};
/* End PBXProject section */

/* Begin PBXResourcesBuildPhase section */
		145BC462290AFC460063B48A /* Resources */ = {
			isa = PBXResourcesBuildPhase;
			buildActionMask = 2147483647;
			files = (
				145BC46F290AFC470063B48A /* Preview Assets.xcassets in Resources */,
				145BC46C290AFC470063B48A /* Assets.xcassets in Resources */,
			);
			runOnlyForDeploymentPostprocessing = 0;
		};
		145BC472290AFC470063B48A /* Resources */ = {
			isa = PBXResourcesBuildPhase;
			buildActionMask = 2147483647;
			files = (
			);
			runOnlyForDeploymentPostprocessing = 0;
		};
		145BC47C290AFC470063B48A /* Resources */ = {
			isa = PBXResourcesBuildPhase;
			buildActionMask = 2147483647;
			files = (
			);
			runOnlyForDeploymentPostprocessing = 0;
		};
/* End PBXResourcesBuildPhase section */

/* Begin PBXSourcesBuildPhase section */
		145BC460290AFC460063B48A /* Sources */ = {
			isa = PBXSourcesBuildPhase;
			buildActionMask = 2147483647;
			files = (
				145BC46A290AFC460063B48A /* ContentView.swift in Sources */,
				145BC468290AFC460063B48A /* inflearnUnit1App.swift in Sources */,
			);
			runOnlyForDeploymentPostprocessing = 0;
		};
		145BC470290AFC470063B48A /* Sources */ = {
			isa = PBXSourcesBuildPhase;
			buildActionMask = 2147483647;
			files = (
				145BC479290AFC470063B48A /* inflearnUnit1Tests.swift in Sources */,
			);
			runOnlyForDeploymentPostprocessing = 0;
		};
		145BC47A290AFC470063B48A /* Sources */ = {
			isa = PBXSourcesBuildPhase;
			buildActionMask = 2147483647;
			files = (
				145BC483290AFC470063B48A /* inflearnUnit1UITests.swift in Sources */,
				145BC485290AFC470063B48A /* inflearnUnit1UITestsLaunchTests.swift in Sources */,
			);
			runOnlyForDeploymentPostprocessing = 0;
		};
/* End PBXSourcesBuildPhase section */

/* Begin PBXTargetDependency section */
		145BC476290AFC470063B48A /* PBXTargetDependency */ = {
			isa = PBXTargetDependency;
			target = 145BC463290AFC460063B48A /* inflearnUnit1 */;
			targetProxy = 145BC475290AFC470063B48A /* PBXContainerItemProxy */;
		};
		145BC480290AFC470063B48A /* PBXTargetDependency */ = {
			isa = PBXTargetDependency;
			target = 145BC463290AFC460063B48A /* inflearnUnit1 */;
			targetProxy = 145BC47F290AFC470063B48A /* PBXContainerItemProxy */;
		};
/* End PBXTargetDependency section */

/* Begin XCBuildConfiguration section */
		145BC486290AFC470063B48A /* Debug */ = {
			isa = XCBuildConfiguration;
			buildSettings = {
				ALWAYS_SEARCH_USER_PATHS = NO;
				CLANG_ANALYZER_NONNULL = YES;
				CLANG_ANALYZER_NUMBER_OBJECT_CONVERSION = YES_AGGRESSIVE;
				CLANG_CXX_LANGUAGE_STANDARD = "gnu++20";
				CLANG_ENABLE_MODULES = YES;
				CLANG_ENABLE_OBJC_ARC = YES;
				CLANG_ENABLE_OBJC_WEAK = YES;
				CLANG_WARN_BLOCK_CAPTURE_AUTORELEASING = YES;
				CLANG_WARN_BOOL_CONVERSION = YES;
				CLANG_WARN_COMMA = YES;
				CLANG_WARN_CONSTANT_CONVERSION = YES;
				CLANG_WARN_DEPRECATED_OBJC_IMPLEMENTATIONS = YES;
				CLANG_WARN_DIRECT_OBJC_ISA_USAGE = YES_ERROR;
				CLANG_WARN_DOCUMENTATION_COMMENTS = YES;
				CLANG_WARN_EMPTY_BODY = YES;
				CLANG_WARN_ENUM_CONVERSION = YES;
				CLANG_WARN_INFINITE_RECURSION = YES;
				CLANG_WARN_INT_CONVERSION = YES;
				CLANG_WARN_NON_LITERAL_NULL_CONVERSION = YES;
				CLANG_WARN_OBJC_IMPLICIT_RETAIN_SELF = YES;
				CLANG_WARN_OBJC_LITERAL_CONVERSION = YES;
				CLANG_WARN_OBJC_ROOT_CLASS = YES_ERROR;
				CLANG_WARN_QUOTED_INCLUDE_IN_FRAMEWORK_HEADER = YES;
				CLANG_WARN_RANGE_LOOP_ANALYSIS = YES;
				CLANG_WARN_STRICT_PROTOTYPES = YES;
				CLANG_WARN_SUSPICIOUS_MOVE = YES;
				CLANG_WARN_UNGUARDED_AVAILABILITY = YES_AGGRESSIVE;
				CLANG_WARN_UNREACHABLE_CODE = YES;
				CLANG_WARN__DUPLICATE_METHOD_MATCH = YES;
				COPY_PHASE_STRIP = NO;
				DEBUG_INFORMATION_FORMAT = dwarf;
				ENABLE_STRICT_OBJC_MSGSEND = YES;
				ENABLE_TESTABILITY = YES;
				GCC_C_LANGUAGE_STANDARD = gnu11;
				GCC_DYNAMIC_NO_PIC = NO;
				GCC_NO_COMMON_BLOCKS = YES;
				GCC_OPTIMIZATION_LEVEL = 0;
				GCC_PREPROCESSOR_DEFINITIONS = (
					"DEBUG=1",
					"$(inherited)",
				);
				GCC_WARN_64_TO_32_BIT_CONVERSION = YES;
				GCC_WARN_ABOUT_RETURN_TYPE = YES_ERROR;
				GCC_WARN_UNDECLARED_SELECTOR = YES;
				GCC_WARN_UNINITIALIZED_AUTOS = YES_AGGRESSIVE;
				GCC_WARN_UNUSED_FUNCTION = YES;
				GCC_WARN_UNUSED_VARIABLE = YES;
				IPHONEOS_DEPLOYMENT_TARGET = 16.0;
				MTL_ENABLE_DEBUG_INFO = INCLUDE_SOURCE;
				MTL_FAST_MATH = YES;
				ONLY_ACTIVE_ARCH = YES;
				SDKROOT = iphoneos;
				SWIFT_ACTIVE_COMPILATION_CONDITIONS = DEBUG;
				SWIFT_OPTIMIZATION_LEVEL = "-Onone";
			};
			name = Debug;
		};
		145BC487290AFC470063B48A /* Release */ = {
			isa = XCBuildConfiguration;
			buildSettings = {
				ALWAYS_SEARCH_USER_PATHS = NO;
				CLANG_ANALYZER_NONNULL = YES;
				CLANG_ANALYZER_NUMBER_OBJECT_CONVERSION = YES_AGGRESSIVE;
				CLANG_CXX_LANGUAGE_STANDARD = "gnu++20";
				CLANG_ENABLE_MODULES = YES;
				CLANG_ENABLE_OBJC_ARC = YES;
				CLANG_ENABLE_OBJC_WEAK = YES;
				CLANG_WARN_BLOCK_CAPTURE_AUTORELEASING = YES;
				CLANG_WARN_BOOL_CONVERSION = YES;
				CLANG_WARN_COMMA = YES;
				CLANG_WARN_CONSTANT_CONVERSION = YES;
				CLANG_WARN_DEPRECATED_OBJC_IMPLEMENTATIONS = YES;
				CLANG_WARN_DIRECT_OBJC_ISA_USAGE = YES_ERROR;
				CLANG_WARN_DOCUMENTATION_COMMENTS = YES;
				CLANG_WARN_EMPTY_BODY = YES;
				CLANG_WARN_ENUM_CONVERSION = YES;
				CLANG_WARN_INFINITE_RECURSION = YES;
				CLANG_WARN_INT_CONVERSION = YES;
				CLANG_WARN_NON_LITERAL_NULL_CONVERSION = YES;
				CLANG_WARN_OBJC_IMPLICIT_RETAIN_SELF = YES;
				CLANG_WARN_OBJC_LITERAL_CONVERSION = YES;
				CLANG_WARN_OBJC_ROOT_CLASS = YES_ERROR;
				CLANG_WARN_QUOTED_INCLUDE_IN_FRAMEWORK_HEADER = YES;
				CLANG_WARN_RANGE_LOOP_ANALYSIS = YES;
				CLANG_WARN_STRICT_PROTOTYPES = YES;
				CLANG_WARN_SUSPICIOUS_MOVE = YES;
				CLANG_WARN_UNGUARDED_AVAILABILITY = YES_AGGRESSIVE;
				CLANG_WARN_UNREACHABLE_CODE = YES;
				CLANG_WARN__DUPLICATE_METHOD_MATCH = YES;
				COPY_PHASE_STRIP = NO;
				DEBUG_INFORMATION_FORMAT = "dwarf-with-dsym";
				ENABLE_NS_ASSERTIONS = NO;
				ENABLE_STRICT_OBJC_MSGSEND = YES;
				GCC_C_LANGUAGE_STANDARD = gnu11;
				GCC_NO_COMMON_BLOCKS = YES;
				GCC_WARN_64_TO_32_BIT_CONVERSION = YES;
				GCC_WARN_ABOUT_RETURN_TYPE = YES_ERROR;
				GCC_WARN_UNDECLARED_SELECTOR = YES;
				GCC_WARN_UNINITIALIZED_AUTOS = YES_AGGRESSIVE;
				GCC_WARN_UNUSED_FUNCTION = YES;
				GCC_WARN_UNUSED_VARIABLE = YES;
				IPHONEOS_DEPLOYMENT_TARGET = 16.0;
				MTL_ENABLE_DEBUG_INFO = NO;
				MTL_FAST_MATH = YES;
				SDKROOT = iphoneos;
				SWIFT_COMPILATION_MODE = wholemodule;
				SWIFT_OPTIMIZATION_LEVEL = "-O";
				VALIDATE_PRODUCT = YES;
			};
			name = Release;
		};
		145BC489290AFC470063B48A /* Debug */ = {
			isa = XCBuildConfiguration;
			buildSettings = {
				ASSETCATALOG_COMPILER_APPICON_NAME = AppIcon;
				ASSETCATALOG_COMPILER_GLOBAL_ACCENT_COLOR_NAME = AccentColor;
				CODE_SIGN_STYLE = Automatic;
				CURRENT_PROJECT_VERSION = 1;
				DEVELOPMENT_ASSET_PATHS = "\"inflearnUnit1/Preview Content\"";
				ENABLE_PREVIEWS = YES;
				GENERATE_INFOPLIST_FILE = YES;
				INFOPLIST_KEY_UIApplicationSceneManifest_Generation = YES;
				INFOPLIST_KEY_UIApplicationSupportsIndirectInputEvents = YES;
				INFOPLIST_KEY_UILaunchScreen_Generation = YES;
				INFOPLIST_KEY_UISupportedInterfaceOrientations_iPad = "UIInterfaceOrientationPortrait UIInterfaceOrientationPortraitUpsideDown UIInterfaceOrientationLandscapeLeft UIInterfaceOrientationLandscapeRight";
				INFOPLIST_KEY_UISupportedInterfaceOrientations_iPhone = "UIInterfaceOrientationPortrait UIInterfaceOrientationLandscapeLeft UIInterfaceOrientationLandscapeRight";
				LD_RUNPATH_SEARCH_PATHS = (
					"$(inherited)",
					"@executable_path/Frameworks",
				);
				MARKETING_VERSION = 1.0;
				PRODUCT_BUNDLE_IDENTIFIER = com.inyoung.InSopt.inflearnUnit1;
				PRODUCT_NAME = "$(TARGET_NAME)";
				SWIFT_EMIT_LOC_STRINGS = YES;
				SWIFT_VERSION = 5.0;
				TARGETED_DEVICE_FAMILY = "1,2";
			};
			name = Debug;
		};
		145BC48A290AFC470063B48A /* Release */ = {
			isa = XCBuildConfiguration;
			buildSettings = {
				ASSETCATALOG_COMPILER_APPICON_NAME = AppIcon;
				ASSETCATALOG_COMPILER_GLOBAL_ACCENT_COLOR_NAME = AccentColor;
				CODE_SIGN_STYLE = Automatic;
				CURRENT_PROJECT_VERSION = 1;
				DEVELOPMENT_ASSET_PATHS = "\"inflearnUnit1/Preview Content\"";
				ENABLE_PREVIEWS = YES;
				GENERATE_INFOPLIST_FILE = YES;
				INFOPLIST_KEY_UIApplicationSceneManifest_Generation = YES;
				INFOPLIST_KEY_UIApplicationSupportsIndirectInputEvents = YES;
				INFOPLIST_KEY_UILaunchScreen_Generation = YES;
				INFOPLIST_KEY_UISupportedInterfaceOrientations_iPad = "UIInterfaceOrientationPortrait UIInterfaceOrientationPortraitUpsideDown UIInterfaceOrientationLandscapeLeft UIInterfaceOrientationLandscapeRight";
				INFOPLIST_KEY_UISupportedInterfaceOrientations_iPhone = "UIInterfaceOrientationPortrait UIInterfaceOrientationLandscapeLeft UIInterfaceOrientationLandscapeRight";
				LD_RUNPATH_SEARCH_PATHS = (
					"$(inherited)",
					"@executable_path/Frameworks",
				);
				MARKETING_VERSION = 1.0;
				PRODUCT_BUNDLE_IDENTIFIER = com.inyoung.InSopt.inflearnUnit1;
				PRODUCT_NAME = "$(TARGET_NAME)";
				SWIFT_EMIT_LOC_STRINGS = YES;
				SWIFT_VERSION = 5.0;
				TARGETED_DEVICE_FAMILY = "1,2";
			};
			name = Release;
		};
		145BC48C290AFC470063B48A /* Debug */ = {
			isa = XCBuildConfiguration;
			buildSettings = {
				ALWAYS_EMBED_SWIFT_STANDARD_LIBRARIES = YES;
				BUNDLE_LOADER = "$(TEST_HOST)";
				CODE_SIGN_STYLE = Automatic;
				CURRENT_PROJECT_VERSION = 1;
				GENERATE_INFOPLIST_FILE = YES;
				IPHONEOS_DEPLOYMENT_TARGET = 16.0;
				MARKETING_VERSION = 1.0;
				PRODUCT_BUNDLE_IDENTIFIER = com.inyoung.InSopt.inflearnUnit1Tests;
				PRODUCT_NAME = "$(TARGET_NAME)";
				SWIFT_EMIT_LOC_STRINGS = NO;
				SWIFT_VERSION = 5.0;
				TARGETED_DEVICE_FAMILY = "1,2";
				TEST_HOST = "$(BUILT_PRODUCTS_DIR)/inflearnUnit1.app/$(BUNDLE_EXECUTABLE_FOLDER_PATH)/inflearnUnit1";
			};
			name = Debug;
		};
		145BC48D290AFC470063B48A /* Release */ = {
			isa = XCBuildConfiguration;
			buildSettings = {
				ALWAYS_EMBED_SWIFT_STANDARD_LIBRARIES = YES;
				BUNDLE_LOADER = "$(TEST_HOST)";
				CODE_SIGN_STYLE = Automatic;
				CURRENT_PROJECT_VERSION = 1;
				GENERATE_INFOPLIST_FILE = YES;
				IPHONEOS_DEPLOYMENT_TARGET = 16.0;
				MARKETING_VERSION = 1.0;
				PRODUCT_BUNDLE_IDENTIFIER = com.inyoung.InSopt.inflearnUnit1Tests;
				PRODUCT_NAME = "$(TARGET_NAME)";
				SWIFT_EMIT_LOC_STRINGS = NO;
				SWIFT_VERSION = 5.0;
				TARGETED_DEVICE_FAMILY = "1,2";
				TEST_HOST = "$(BUILT_PRODUCTS_DIR)/inflearnUnit1.app/$(BUNDLE_EXECUTABLE_FOLDER_PATH)/inflearnUnit1";
			};
			name = Release;
		};
		145BC48F290AFC470063B48A /* Debug */ = {
			isa = XCBuildConfiguration;
			buildSettings = {
				ALWAYS_EMBED_SWIFT_STANDARD_LIBRARIES = YES;
				CODE_SIGN_STYLE = Automatic;
				CURRENT_PROJECT_VERSION = 1;
				GENERATE_INFOPLIST_FILE = YES;
				MARKETING_VERSION = 1.0;
				PRODUCT_BUNDLE_IDENTIFIER = com.inyoung.InSopt.inflearnUnit1UITests;
				PRODUCT_NAME = "$(TARGET_NAME)";
				SWIFT_EMIT_LOC_STRINGS = NO;
				SWIFT_VERSION = 5.0;
				TARGETED_DEVICE_FAMILY = "1,2";
				TEST_TARGET_NAME = inflearnUnit1;
			};
			name = Debug;
		};
		145BC490290AFC470063B48A /* Release */ = {
			isa = XCBuildConfiguration;
			buildSettings = {
				ALWAYS_EMBED_SWIFT_STANDARD_LIBRARIES = YES;
				CODE_SIGN_STYLE = Automatic;
				CURRENT_PROJECT_VERSION = 1;
				GENERATE_INFOPLIST_FILE = YES;
				MARKETING_VERSION = 1.0;
				PRODUCT_BUNDLE_IDENTIFIER = com.inyoung.InSopt.inflearnUnit1UITests;
				PRODUCT_NAME = "$(TARGET_NAME)";
				SWIFT_EMIT_LOC_STRINGS = NO;
				SWIFT_VERSION = 5.0;
				TARGETED_DEVICE_FAMILY = "1,2";
				TEST_TARGET_NAME = inflearnUnit1;
			};
			name = Release;
		};
/* End XCBuildConfiguration section */

/* Begin XCConfigurationList section */
		145BC45F290AFC460063B48A /* Build configuration list for PBXProject "inflearnUnit1" */ = {
			isa = XCConfigurationList;
			buildConfigurations = (
				145BC486290AFC470063B48A /* Debug */,
				145BC487290AFC470063B48A /* Release */,
			);
			defaultConfigurationIsVisible = 0;
			defaultConfigurationName = Release;
		};
		145BC488290AFC470063B48A /* Build configuration list for PBXNativeTarget "inflearnUnit1" */ = {
			isa = XCConfigurationList;
			buildConfigurations = (
				145BC489290AFC470063B48A /* Debug */,
				145BC48A290AFC470063B48A /* Release */,
			);
			defaultConfigurationIsVisible = 0;
			defaultConfigurationName = Release;
		};
		145BC48B290AFC470063B48A /* Build configuration list for PBXNativeTarget "inflearnUnit1Tests" */ = {
			isa = XCConfigurationList;
			buildConfigurations = (
				145BC48C290AFC470063B48A /* Debug */,
				145BC48D290AFC470063B48A /* Release */,
			);
			defaultConfigurationIsVisible = 0;
			defaultConfigurationName = Release;
		};
		145BC48E290AFC470063B48A /* Build configuration list for PBXNativeTarget "inflearnUnit1UITests" */ = {
			isa = XCConfigurationList;
			buildConfigurations = (
				145BC48F290AFC470063B48A /* Debug */,
				145BC490290AFC470063B48A /* Release */,
			);
			defaultConfigurationIsVisible = 0;
			defaultConfigurationName = Release;
		};
/* End XCConfigurationList section */
	};
	rootObject = 145BC45C290AFC460063B48A /* Project object */;
}
